
Microsoft Visual Studio Solution File, Format Version 12.00
Project("{FAE04EC0-301F-11D3-BF4B-00C04F79EFBC}") = "FastDecimal", "FastDecimal\FastDecimal.csproj", "{5755502A-BD04-47C3-8019-FFC2CA17E320}"
EndProject
Project("{FAE04EC0-301F-11D3-BF4B-00C04F79EFBC}") = "FastDecimal.Tests", "FastDecimal.Tests\FastDecimal.Tests.csproj", "{4601E0DC-4583-4D63-A0FC-21849993A6A8}"
EndProject
Project("{FAE04EC0-301F-11D3-BF4B-00C04F79EFBC}") = "FastDecimal.Benchmarks", "FastDecimal.Benchmarks\FastDecimal.Benchmarks.csproj", "{9C693D18-1634-49BC-A802-76260DCB759A}"
EndProject
Global
	GlobalSection(SolutionConfigurationPlatforms) = preSolution
		Debug|Any CPU = Debug|Any CPU
		Release|Any CPU = Release|Any CPU
	EndGlobalSection
	GlobalSection(ProjectConfigurationPlatforms) = postSolution
		{5755502A-BD04-47C3-8019-FFC2CA17E320}.Debug|Any CPU.ActiveCfg = Debug|Any CPU
		{5755502A-BD04-47C3-8019-FFC2CA17E320}.Debug|Any CPU.Build.0 = Debug|Any CPU
		{5755502A-BD04-47C3-8019-FFC2CA17E320}.Release|Any CPU.ActiveCfg = Release|Any CPU
		{5755502A-BD04-47C3-8019-FFC2CA17E320}.Release|Any CPU.Build.0 = Release|Any CPU
		{4601E0DC-4583-4D63-A0FC-21849993A6A8}.Debug|Any CPU.ActiveCfg = Debug|Any CPU
		{4601E0DC-4583-4D63-A0FC-21849993A6A8}.Debug|Any CPU.Build.0 = Debug|Any CPU
		{4601E0DC-4583-4D63-A0FC-21849993A6A8}.Release|Any CPU.ActiveCfg = Release|Any CPU
		{4601E0DC-4583-4D63-A0FC-21849993A6A8}.Release|Any CPU.Build.0 = Release|Any CPU
		{9C693D18-1634-49BC-A802-76260DCB759A}.Debug|Any CPU.ActiveCfg = Debug|Any CPU
		{9C693D18-1634-49BC-A802-76260DCB759A}.Debug|Any CPU.Build.0 = Debug|Any CPU
		{9C693D18-1634-49BC-A802-76260DCB759A}.Release|Any CPU.ActiveCfg = Release|Any CPU
		{9C693D18-1634-49BC-A802-76260DCB759A}.Release|Any CPU.Build.0 = Release|Any CPU
	EndGlobalSection
EndGlobal
